
Microsoft Visual Studio Solution File, Format Version 12.00
# Visual Studio Version 16
VisualStudioVersion = 16.0.31624.102
MinimumVisualStudioVersion = 10.0.40219.1
Project("{9A19103F-16F7-4668-BE54-9A1E7A4F7556}") = "Hooktail.Entities", "Hooktail.Entities\Hooktail.Entities.csproj", "{42E7EB80-0DFF-45DF-BAEB-DA8B90B384B6}"
EndProject
Project("{9A19103F-16F7-4668-BE54-9A1E7A4F7556}") = "Hooktail.DataAccess", "Hooktail.DataAccess\Hooktail.DataAccess.csproj", "{A7851119-4978-4F76-8B3E-C35DF8B77DC1}"
EndProject
Project("{FAE04EC0-301F-11D3-BF4B-00C04F79EFBC}") = "Hooktail.Business", "Hooktail.Business\Hooktail.Business.csproj", "{E1B1BF13-5D82-4AA9-80CD-CAF1A73C0CE7}"
EndProject
Global
	GlobalSection(SolutionConfigurationPlatforms) = preSolution
		Debug|Any CPU = Debug|Any CPU
		Release|Any CPU = Release|Any CPU
	EndGlobalSection
	GlobalSection(ProjectConfigurationPlatforms) = postSolution
		{42E7EB80-0DFF-45DF-BAEB-DA8B90B384B6}.Debug|Any CPU.ActiveCfg = Debug|Any CPU
		{42E7EB80-0DFF-45DF-BAEB-DA8B90B384B6}.Debug|Any CPU.Build.0 = Debug|Any CPU
		{42E7EB80-0DFF-45DF-BAEB-DA8B90B384B6}.Release|Any CPU.ActiveCfg = Release|Any CPU
		{42E7EB80-0DFF-45DF-BAEB-DA8B90B384B6}.Release|Any CPU.Build.0 = Release|Any CPU
		{A7851119-4978-4F76-8B3E-C35DF8B77DC1}.Debug|Any CPU.ActiveCfg = Debug|Any CPU
		{A7851119-4978-4F76-8B3E-C35DF8B77DC1}.Debug|Any CPU.Build.0 = Debug|Any CPU
		{A7851119-4978-4F76-8B3E-C35DF8B77DC1}.Release|Any CPU.ActiveCfg = Release|Any CPU
		{A7851119-4978-4F76-8B3E-C35DF8B77DC1}.Release|Any CPU.Build.0 = Release|Any CPU
		{E1B1BF13-5D82-4AA9-80CD-CAF1A73C0CE7}.Debug|Any CPU.ActiveCfg = Debug|Any CPU
		{E1B1BF13-5D82-4AA9-80CD-CAF1A73C0CE7}.Debug|Any CPU.Build.0 = Debug|Any CPU
		{E1B1BF13-5D82-4AA9-80CD-CAF1A73C0CE7}.Release|Any CPU.ActiveCfg = Release|Any CPU
		{E1B1BF13-5D82-4AA9-80CD-CAF1A73C0CE7}.Release|Any CPU.Build.0 = Release|Any CPU
	EndGlobalSection
	GlobalSection(SolutionProperties) = preSolution
		HideSolutionNode = FALSE
	EndGlobalSection
	GlobalSection(ExtensibilityGlobals) = postSolution
		SolutionGuid = {2AB5DB3E-D08B-47A9-BBAD-68D758741024}
	EndGlobalSection
EndGlobal
